
Microsoft Visual Studio Solution File, Format Version 12.00
# Visual Studio Version 17
VisualStudioVersion = 17.12.35707.178
MinimumVisualStudioVersion = 10.0.40219.1
Project("{FAE04EC0-301F-11D3-BF4B-00C04F79EFBC}") = "Events.Api", "Events.Api\Events.Api.csproj", "{0BF0CEA1-633D-411F-9548-84CA98EADC4E}"
EndProject
Project("{54A90642-561A-4BB1-A94E-469ADEE60C69}") = "Events.Web", "Events.Web\Events.Web.esproj", "{67DA6458-79AE-4258-B5FB-3F88C3F11220}"
EndProject
Project("{FAE04EC0-301F-11D3-BF4B-00C04F79EFBC}") = "Events.Application", "Events.Application\Events.Application.csproj", "{40E78C0E-1D22-489A-B808-85E52B32198C}"
EndProject
Project("{FAE04EC0-301F-11D3-BF4B-00C04F79EFBC}") = "Events.Tests", "Events.Tests\Events.Tests.csproj", "{7EE9458A-6DD7-4CE7-A4C7-68607A7832C8}"
EndProject
Global
	GlobalSection(SolutionConfigurationPlatforms) = preSolution
		Debug|Any CPU = Debug|Any CPU
		Release|Any CPU = Release|Any CPU
	EndGlobalSection
	GlobalSection(ProjectConfigurationPlatforms) = postSolution
		{0BF0CEA1-633D-411F-9548-84CA98EADC4E}.Debug|Any CPU.ActiveCfg = Debug|Any CPU
		{0BF0CEA1-633D-411F-9548-84CA98EADC4E}.Debug|Any CPU.Build.0 = Debug|Any CPU
		{0BF0CEA1-633D-411F-9548-84CA98EADC4E}.Release|Any CPU.ActiveCfg = Release|Any CPU
		{0BF0CEA1-633D-411F-9548-84CA98EADC4E}.Release|Any CPU.Build.0 = Release|Any CPU
		{67DA6458-79AE-4258-B5FB-3F88C3F11220}.Debug|Any CPU.ActiveCfg = Debug|Any CPU
		{67DA6458-79AE-4258-B5FB-3F88C3F11220}.Debug|Any CPU.Build.0 = Debug|Any CPU
		{67DA6458-79AE-4258-B5FB-3F88C3F11220}.Debug|Any CPU.Deploy.0 = Debug|Any CPU
		{67DA6458-79AE-4258-B5FB-3F88C3F11220}.Release|Any CPU.ActiveCfg = Release|Any CPU
		{67DA6458-79AE-4258-B5FB-3F88C3F11220}.Release|Any CPU.Build.0 = Release|Any CPU
		{67DA6458-79AE-4258-B5FB-3F88C3F11220}.Release|Any CPU.Deploy.0 = Release|Any CPU
		{40E78C0E-1D22-489A-B808-85E52B32198C}.Debug|Any CPU.ActiveCfg = Debug|Any CPU
		{40E78C0E-1D22-489A-B808-85E52B32198C}.Debug|Any CPU.Build.0 = Debug|Any CPU
		{40E78C0E-1D22-489A-B808-85E52B32198C}.Release|Any CPU.ActiveCfg = Release|Any CPU
		{40E78C0E-1D22-489A-B808-85E52B32198C}.Release|Any CPU.Build.0 = Release|Any CPU
		{7EE9458A-6DD7-4CE7-A4C7-68607A7832C8}.Debug|Any CPU.ActiveCfg = Debug|Any CPU
		{7EE9458A-6DD7-4CE7-A4C7-68607A7832C8}.Debug|Any CPU.Build.0 = Debug|Any CPU
		{7EE9458A-6DD7-4CE7-A4C7-68607A7832C8}.Release|Any CPU.ActiveCfg = Release|Any CPU
		{7EE9458A-6DD7-4CE7-A4C7-68607A7832C8}.Release|Any CPU.Build.0 = Release|Any CPU
	EndGlobalSection
	GlobalSection(SolutionProperties) = preSolution
		HideSolutionNode = FALSE
	EndGlobalSection
EndGlobal
